// !$*UTF8*$!
{
	archiveVersion = 1;
	classes = {
	};
	objectVersion = 46;
	objects = {

/* Begin PBXBuildFile section */
		555165E61AF3852E005D8C32 /* AppDelegate.swift in Sources */ = {isa = PBXBuildFile; fileRef = 555165E51AF3852E005D8C32 /* AppDelegate.swift */; };
		555165E81AF3852E005D8C32 /* ViewController.swift in Sources */ = {isa = PBXBuildFile; fileRef = 555165E71AF3852E005D8C32 /* ViewController.swift */; };
		555165EB1AF3852E005D8C32 /* Main.storyboard in Resources */ = {isa = PBXBuildFile; fileRef = 555165E91AF3852E005D8C32 /* Main.storyboard */; };
		555165ED1AF3852E005D8C32 /* Images.xcassets in Resources */ = {isa = PBXBuildFile; fileRef = 555165EC1AF3852E005D8C32 /* Images.xcassets */; };
		555165F01AF3852E005D8C32 /* LaunchScreen.xib in Resources */ = {isa = PBXBuildFile; fileRef = 555165EE1AF3852E005D8C32 /* LaunchScreen.xib */; };
		555165FC1AF3852E005D8C32 /* ProjektDemoTests.swift in Sources */ = {isa = PBXBuildFile; fileRef = 555165FB1AF3852E005D8C32 /* ProjektDemoTests.swift */; };
/* End PBXBuildFile section */

/* Begin PBXContainerItemProxy section */
		555165F61AF3852E005D8C32 /* PBXContainerItemProxy */ = {
			isa = PBXContainerItemProxy;
			containerPortal = 555165D81AF3852E005D8C32 /* Project object */;
			proxyType = 1;
			remoteGlobalIDString = 555165DF1AF3852E005D8C32;
			remoteInfo = ProjektDemo;
		};
/* End PBXContainerItemProxy section */

/* Begin PBXFileReference section */
		555165E01AF3852E005D8C32 /* ProjektDemo.app */ = {isa = PBXFileReference; explicitFileType = wrapper.application; includeInIndex = 0; path = ProjektDemo.app; sourceTree = BUILT_PRODUCTS_DIR; };
		555165E41AF3852E005D8C32 /* Info.plist */ = {isa = PBXFileReference; lastKnownFileType = text.plist.xml; path = Info.plist; sourceTree = "<group>"; };
		555165E51AF3852E005D8C32 /* AppDelegate.swift */ = {isa = PBXFileReference; lastKnownFileType = sourcecode.swift; path = AppDelegate.swift; sourceTree = "<group>"; };
		555165E71AF3852E005D8C32 /* ViewController.swift */ = {isa = PBXFileReference; lastKnownFileType = sourcecode.swift; path = ViewController.swift; sourceTree = "<group>"; };
		555165EA1AF3852E005D8C32 /* Base */ = {isa = PBXFileReference; lastKnownFileType = file.storyboard; name = Base; path = Base.lproj/Main.storyboard; sourceTree = "<group>"; };
		555165EC1AF3852E005D8C32 /* Images.xcassets */ = {isa = PBXFileReference; lastKnownFileType = folder.assetcatalog; path = Images.xcassets; sourceTree = "<group>"; };
		555165EF1AF3852E005D8C32 /* Base */ = {isa = PBXFileReference; lastKnownFileType = file.xib; name = Base; path = Base.lproj/LaunchScreen.xib; sourceTree = "<group>"; };
		555165F51AF3852E005D8C32 /* ProjektDemoTests.xctest */ = {isa = PBXFileReference; explicitFileType = wrapper.cfbundle; includeInIndex = 0; path = ProjektDemoTests.xctest; sourceTree = BUILT_PRODUCTS_DIR; };
		555165FA1AF3852E005D8C32 /* Info.plist */ = {isa = PBXFileReference; lastKnownFileType = text.plist.xml; path = Info.plist; sourceTree = "<group>"; };
		555165FB1AF3852E005D8C32 /* ProjektDemoTests.swift */ = {isa = PBXFileReference; lastKnownFileType = sourcecode.swift; path = ProjektDemoTests.swift; sourceTree = "<group>"; };
/* End PBXFileReference section */

/* Begin PBXFrameworksBuildPhase section */
		555165DD1AF3852E005D8C32 /* Frameworks */ = {
			isa = PBXFrameworksBuildPhase;
			buildActionMask = 2147483647;
			files = (
			);
			runOnlyForDeploymentPostprocessing = 0;
		};
		555165F21AF3852E005D8C32 /* Frameworks */ = {
			isa = PBXFrameworksBuildPhase;
			buildActionMask = 2147483647;
			files = (
			);
			runOnlyForDeploymentPostprocessing = 0;
		};
/* End PBXFrameworksBuildPhase section */

/* Begin PBXGroup section */
		555165D71AF3852E005D8C32 = {
			isa = PBXGroup;
			children = (
				555165E21AF3852E005D8C32 /* ProjektDemo */,
				555165F81AF3852E005D8C32 /* ProjektDemoTests */,
				555165E11AF3852E005D8C32 /* Products */,
			);
			sourceTree = "<group>";
		};
		555165E11AF3852E005D8C32 /* Products */ = {
			isa = PBXGroup;
			children = (
				555165E01AF3852E005D8C32 /* ProjektDemo.app */,
				555165F51AF3852E005D8C32 /* ProjektDemoTests.xctest */,
			);
			name = Products;
			sourceTree = "<group>";
		};
		555165E21AF3852E005D8C32 /* ProjektDemo */ = {
			isa = PBXGroup;
			children = (
				555165E51AF3852E005D8C32 /* AppDelegate.swift */,
				555165E71AF3852E005D8C32 /* ViewController.swift */,
				555165E91AF3852E005D8C32 /* Main.storyboard */,
				555165EC1AF3852E005D8C32 /* Images.xcassets */,
				555165EE1AF3852E005D8C32 /* LaunchScreen.xib */,
				555165E31AF3852E005D8C32 /* Supporting Files */,
			);
			path = ProjektDemo;
			sourceTree = "<group>";
		};
		555165E31AF3852E005D8C32 /* Supporting Files */ = {
			isa = PBXGroup;
			children = (
				555165E41AF3852E005D8C32 /* Info.plist */,
			);
			name = "Supporting Files";
			sourceTree = "<group>";
		};
		555165F81AF3852E005D8C32 /* ProjektDemoTests */ = {
			isa = PBXGroup;
			children = (
				555165FB1AF3852E005D8C32 /* ProjektDemoTests.swift */,
				555165F91AF3852E005D8C32 /* Supporting Files */,
			);
			path = ProjektDemoTests;
			sourceTree = "<group>";
		};
		555165F91AF3852E005D8C32 /* Supporting Files */ = {
			isa = PBXGroup;
			children = (
				555165FA1AF3852E005D8C32 /* Info.plist */,
			);
			name = "Supporting Files";
			sourceTree = "<group>";
		};
/* End PBXGroup section */

/* Begin PBXNativeTarget section */
		555165DF1AF3852E005D8C32 /* ProjektDemo */ = {
			isa = PBXNativeTarget;
			buildConfigurationList = 555165FF1AF3852E005D8C32 /* Build configuration list for PBXNativeTarget "ProjektDemo" */;
			buildPhases = (
				555165DC1AF3852E005D8C32 /* Sources */,
				555165DD1AF3852E005D8C32 /* Frameworks */,
				555165DE1AF3852E005D8C32 /* Resources */,
			);
			buildRules = (
			);
			dependencies = (
			);
			name = ProjektDemo;
			productName = ProjektDemo;
			productReference = 555165E01AF3852E005D8C32 /* ProjektDemo.app */;
			productType = "com.apple.product-type.application";
		};
		555165F41AF3852E005D8C32 /* ProjektDemoTests */ = {
			isa = PBXNativeTarget;
			buildConfigurationList = 555166021AF3852E005D8C32 /* Build configuration list for PBXNativeTarget "ProjektDemoTests" */;
			buildPhases = (
				555165F11AF3852E005D8C32 /* Sources */,
				555165F21AF3852E005D8C32 /* Frameworks */,
				555165F31AF3852E005D8C32 /* Resources */,
			);
			buildRules = (
			);
			dependencies = (
				555165F71AF3852E005D8C32 /* PBXTargetDependency */,
			);
			name = ProjektDemoTests;
			productName = ProjektDemoTests;
			productReference = 555165F51AF3852E005D8C32 /* ProjektDemoTests.xctest */;
			productType = "com.apple.product-type.bundle.unit-test";
		};
/* End PBXNativeTarget section */

/* Begin PBXProject section */
		555165D81AF3852E005D8C32 /* Project object */ = {
			isa = PBXProject;
			attributes = {
				LastUpgradeCheck = 0630;
				ORGANIZATIONNAME = "Oscar Nilsson";
				TargetAttributes = {
					555165DF1AF3852E005D8C32 = {
						CreatedOnToolsVersion = 6.3.1;
					};
					555165F41AF3852E005D8C32 = {
						CreatedOnToolsVersion = 6.3.1;
						TestTargetID = 555165DF1AF3852E005D8C32;
					};
				};
			};
			buildConfigurationList = 555165DB1AF3852E005D8C32 /* Build configuration list for PBXProject "ProjektDemo" */;
			compatibilityVersion = "Xcode 3.2";
			developmentRegion = English;
			hasScannedForEncodings = 0;
			knownRegions = (
				en,
				Base,
			);
			mainGroup = 555165D71AF3852E005D8C32;
			productRefGroup = 555165E11AF3852E005D8C32 /* Products */;
			projectDirPath = "";
			projectRoot = "";
			targets = (
				555165DF1AF3852E005D8C32 /* ProjektDemo */,
				555165F41AF3852E005D8C32 /* ProjektDemoTests */,
			);
		};
/* End PBXProject section */

/* Begin PBXResourcesBuildPhase section */
		555165DE1AF3852E005D8C32 /* Resources */ = {
			isa = PBXResourcesBuildPhase;
			buildActionMask = 2147483647;
			files = (
				555165EB1AF3852E005D8C32 /* Main.storyboard in Resources */,
				555165F01AF3852E005D8C32 /* LaunchScreen.xib in Resources */,
				555165ED1AF3852E005D8C32 /* Images.xcassets in Resources */,
			);
			runOnlyForDeploymentPostprocessing = 0;
		};
		555165F31AF3852E005D8C32 /* Resources */ = {
			isa = PBXResourcesBuildPhase;
			buildActionMask = 2147483647;
			files = (
			);
			runOnlyForDeploymentPostprocessing = 0;
		};
/* End PBXResourcesBuildPhase section */

/* Begin PBXSourcesBuildPhase section */
		555165DC1AF3852E005D8C32 /* Sources */ = {
			isa = PBXSourcesBuildPhase;
			buildActionMask = 2147483647;
			files = (
				555165E81AF3852E005D8C32 /* ViewController.swift in Sources */,
				555165E61AF3852E005D8C32 /* AppDelegate.swift in Sources */,
			);
			runOnlyForDeploymentPostprocessing = 0;
		};
		555165F11AF3852E005D8C32 /* Sources */ = {
			isa = PBXSourcesBuildPhase;
			buildActionMask = 2147483647;
			files = (
				555165FC1AF3852E005D8C32 /* ProjektDemoTests.swift in Sources */,
			);
			runOnlyForDeploymentPostprocessing = 0;
		};
/* End PBXSourcesBuildPhase section */

/* Begin PBXTargetDependency section */
		555165F71AF3852E005D8C32 /* PBXTargetDependency */ = {
			isa = PBXTargetDependency;
			target = 555165DF1AF3852E005D8C32 /* ProjektDemo */;
			targetProxy = 555165F61AF3852E005D8C32 /* PBXContainerItemProxy */;
		};
/* End PBXTargetDependency section */

/* Begin PBXVariantGroup section */
		555165E91AF3852E005D8C32 /* Main.storyboard */ = {
			isa = PBXVariantGroup;
			children = (
				555165EA1AF3852E005D8C32 /* Base */,
			);
			name = Main.storyboard;
			sourceTree = "<group>";
		};
		555165EE1AF3852E005D8C32 /* LaunchScreen.xib */ = {
			isa = PBXVariantGroup;
			children = (
				555165EF1AF3852E005D8C32 /* Base */,
			);
			name = LaunchScreen.xib;
			sourceTree = "<group>";
		};
/* End PBXVariantGroup section */

/* Begin XCBuildConfiguration section */
		555165FD1AF3852E005D8C32 /* Debug */ = {
			isa = XCBuildConfiguration;
			buildSettings = {
				ALWAYS_SEARCH_USER_PATHS = NO;
				CLANG_CXX_LANGUAGE_STANDARD = "gnu++0x";
				CLANG_CXX_LIBRARY = "libc++";
				CLANG_ENABLE_MODULES = YES;
				CLANG_ENABLE_OBJC_ARC = YES;
				CLANG_WARN_BOOL_CONVERSION = YES;
				CLANG_WARN_CONSTANT_CONVERSION = YES;
				CLANG_WARN_DIRECT_OBJC_ISA_USAGE = YES_ERROR;
				CLANG_WARN_EMPTY_BODY = YES;
				CLANG_WARN_ENUM_CONVERSION = YES;
				CLANG_WARN_INT_CONVERSION = YES;
				CLANG_WARN_OBJC_ROOT_CLASS = YES_ERROR;
				CLANG_WARN_UNREACHABLE_CODE = YES;
				CLANG_WARN__DUPLICATE_METHOD_MATCH = YES;
				"CODE_SIGN_IDENTITY[sdk=iphoneos*]" = "iPhone Developer";
				COPY_PHASE_STRIP = NO;
				DEBUG_INFORMATION_FORMAT = "dwarf-with-dsym";
				ENABLE_STRICT_OBJC_MSGSEND = YES;
				GCC_C_LANGUAGE_STANDARD = gnu99;
				GCC_DYNAMIC_NO_PIC = NO;
				GCC_NO_COMMON_BLOCKS = YES;
				GCC_OPTIMIZATION_LEVEL = 0;
				GCC_PREPROCESSOR_DEFINITIONS = (
					"DEBUG=1",
					"$(inherited)",
				);
				GCC_SYMBOLS_PRIVATE_EXTERN = NO;
				GCC_WARN_64_TO_32_BIT_CONVERSION = YES;
				GCC_WARN_ABOUT_RETURN_TYPE = YES_ERROR;
				GCC_WARN_UNDECLARED_SELECTOR = YES;
				GCC_WARN_UNINITIALIZED_AUTOS = YES_AGGRESSIVE;
				GCC_WARN_UNUSED_FUNCTION = YES;
				GCC_WARN_UNUSED_VARIABLE = YES;
				IPHONEOS_DEPLOYMENT_TARGET = 8.3;
				MTL_ENABLE_DEBUG_INFO = YES;
				ONLY_ACTIVE_ARCH = YES;
				SDKROOT = iphoneos;
				SWIFT_OPTIMIZATION_LEVEL = "-Onone";
			};
			name = Debug;
		};
		555165FE1AF3852E005D8C32 /* Release */ = {
			isa = XCBuildConfiguration;
			buildSettings = {
				ALWAYS_SEARCH_USER_PATHS = NO;
				CLANG_CXX_LANGUAGE_STANDARD = "gnu++0x";
				CLANG_CXX_LIBRARY = "libc++";
				CLANG_ENABLE_MODULES = YES;
				CLANG_ENABLE_OBJC_ARC = YES;
				CLANG_WARN_BOOL_CONVERSION = YES;
				CLANG_WARN_CONSTANT_CONVERSION = YES;
				CLANG_WARN_DIRECT_OBJC_ISA_USAGE = YES_ERROR;
				CLANG_WARN_EMPTY_BODY = YES;
				CLANG_WARN_ENUM_CONVERSION = YES;
				CLANG_WARN_INT_CONVERSION = YES;
				CLANG_WARN_OBJC_ROOT_CLASS = YES_ERROR;
				CLANG_WARN_UNREACHABLE_CODE = YES;
				CLANG_WARN__DUPLICATE_METHOD_MATCH = YES;
				"CODE_SIGN_IDENTITY[sdk=iphoneos*]" = "iPhone Developer";
				COPY_PHASE_STRIP = NO;
				DEBUG_INFORMATION_FORMAT = "dwarf-with-dsym";
				ENABLE_NS_ASSERTIONS = NO;
				ENABLE_STRICT_OBJC_MSGSEND = YES;
				GCC_C_LANGUAGE_STANDARD = gnu99;
				GCC_NO_COMMON_BLOCKS = YES;
				GCC_WARN_64_TO_32_BIT_CONVERSION = YES;
				GCC_WARN_ABOUT_RETURN_TYPE = YES_ERROR;
				GCC_WARN_UNDECLARED_SELECTOR = YES;
				GCC_WARN_UNINITIALIZED_AUTOS = YES_AGGRESSIVE;
				GCC_WARN_UNUSED_FUNCTION = YES;
				GCC_WARN_UNUSED_VARIABLE = YES;
				IPHONEOS_DEPLOYMENT_TARGET = 8.3;
				MTL_ENABLE_DEBUG_INFO = NO;
				SDKROOT = iphoneos;
				VALIDATE_PRODUCT = YES;
			};
			name = Release;
		};
		555166001AF3852E005D8C32 /* Debug */ = {
			isa = XCBuildConfiguration;
			buildSettings = {
				ASSETCATALOG_COMPILER_APPICON_NAME = AppIcon;
				INFOPLIST_FILE = ProjektDemo/Info.plist;
				LD_RUNPATH_SEARCH_PATHS = "$(inherited) @executable_path/Frameworks";
				PRODUCT_NAME = "$(TARGET_NAME)";
			};
			name = Debug;
		};
		555166011AF3852E005D8C32 /* Release */ = {
			isa = XCBuildConfiguration;
			buildSettings = {
				ASSETCATALOG_COMPILER_APPICON_NAME = AppIcon;
				INFOPLIST_FILE = ProjektDemo/Info.plist;
				LD_RUNPATH_SEARCH_PATHS = "$(inherited) @executable_path/Frameworks";
				PRODUCT_NAME = "$(TARGET_NAME)";
			};
			name = Release;
		};
		555166031AF3852E005D8C32 /* Debug */ = {
			isa = XCBuildConfiguration;
			buildSettings = {
				BUNDLE_LOADER = "$(TEST_HOST)";
				FRAMEWORK_SEARCH_PATHS = (
					"$(SDKROOT)/Developer/Library/Frameworks",
					"$(inherited)",
				);
				GCC_PREPROCESSOR_DEFINITIONS = (
					"DEBUG=1",
					"$(inherited)",
				);
				INFOPLIST_FILE = ProjektDemoTests/Info.plist;
				LD_RUNPATH_SEARCH_PATHS = "$(inherited) @executable_path/Frameworks @loader_path/Frameworks";
				PRODUCT_NAME = "$(TARGET_NAME)";
				TEST_HOST = "$(BUILT_PRODUCTS_DIR)/ProjektDemo.app/ProjektDemo";
			};
			name = Debug;
		};
		555166041AF3852E005D8C32 /* Release */ = {
			isa = XCBuildConfiguration;
			buildSettings = {
				BUNDLE_LOADER = "$(TEST_HOST)";
				FRAMEWORK_SEARCH_PATHS = (
					"$(SDKROOT)/Developer/Library/Frameworks",
					"$(inherited)",
				);
				INFOPLIST_FILE = ProjektDemoTests/Info.plist;
				LD_RUNPATH_SEARCH_PATHS = "$(inherited) @executable_path/Frameworks @loader_path/Frameworks";
				PRODUCT_NAME = "$(TARGET_NAME)";
				TEST_HOST = "$(BUILT_PRODUCTS_DIR)/ProjektDemo.app/ProjektDemo";
			};
			name = Release;
		};
/* End XCBuildConfiguration section */

/* Begin XCConfigurationList section */
		555165DB1AF3852E005D8C32 /* Build configuration list for PBXProject "ProjektDemo" */ = {
			isa = XCConfigurationList;
			buildConfigurations = (
				555165FD1AF3852E005D8C32 /* Debug */,
				555165FE1AF3852E005D8C32 /* Release */,
			);
			defaultConfigurationIsVisible = 0;
			defaultConfigurationName = Release;
		};
		555165FF1AF3852E005D8C32 /* Build configuration list for PBXNativeTarget "ProjektDemo" */ = {
			isa = XCConfigurationList;
			buildConfigurations = (
				555166001AF3852E005D8C32 /* Debug */,
				555166011AF3852E005D8C32 /* Release */,
			);
			defaultConfigurationIsVisible = 0;
		};
		555166021AF3852E005D8C32 /* Build configuration list for PBXNativeTarget "ProjektDemoTests" */ = {
			isa = XCConfigurationList;
			buildConfigurations = (
				555166031AF3852E005D8C32 /* Debug */,
				555166041AF3852E005D8C32 /* Release */,
			);
			defaultConfigurationIsVisible = 0;
		};
/* End XCConfigurationList section */
	};
	rootObject = 555165D81AF3852E005D8C32 /* Project object */;
}
